// !$*UTF8*$!
{
	archiveVersion = 1;
	classes = {
	};
	objectVersion = 51;
	objects = {

/* Begin PBXBuildFile section */
		A686213126961B080045176C /* BaseController.swift in Sources */ = {isa = PBXBuildFile; fileRef = A686213026961B080045176C /* BaseController.swift */; };
		A686213A26961CD40045176C /* UITableViewExtensions.swift in Sources */ = {isa = PBXBuildFile; fileRef = A686213926961CD40045176C /* UITableViewExtensions.swift */; };
		A686214326961E5C0045176C /* WeatherCell.swift in Sources */ = {isa = PBXBuildFile; fileRef = A686214126961E5C0045176C /* WeatherCell.swift */; };
		A686214426961E5C0045176C /* WeatherCell.xib in Resources */ = {isa = PBXBuildFile; fileRef = A686214226961E5C0045176C /* WeatherCell.xib */; };
		A6862163269620BC0045176C /* APIRouter.swift in Sources */ = {isa = PBXBuildFile; fileRef = A6862162269620BC0045176C /* APIRouter.swift */; };
		A686216C269620C20045176C /* NetworkClient.swift in Sources */ = {isa = PBXBuildFile; fileRef = A6862167269620C20045176C /* NetworkClient.swift */; };
		A686216D269620C20045176C /* SearchRouter.swift in Sources */ = {isa = PBXBuildFile; fileRef = A6862168269620C20045176C /* SearchRouter.swift */; };
		A686216F269620C20045176C /* NetworkConstants.swift in Sources */ = {isa = PBXBuildFile; fileRef = A686216A269620C20045176C /* NetworkConstants.swift */; };
		A6862176269620F80045176C /* ResponseObject.swift in Sources */ = {isa = PBXBuildFile; fileRef = A6862175269620F80045176C /* ResponseObject.swift */; };
		A68621952696233A0045176C /* BaseViewModel.swift in Sources */ = {isa = PBXBuildFile; fileRef = A68621942696233A0045176C /* BaseViewModel.swift */; };
		A68621B4269625660045176C /* SearchViewModel.swift in Sources */ = {isa = PBXBuildFile; fileRef = A68621B3269625660045176C /* SearchViewModel.swift */; };
		A68621BA269626090045176C /* SearchRepository.swift in Sources */ = {isa = PBXBuildFile; fileRef = A68621B9269626090045176C /* SearchRepository.swift */; };
		A68621BF269627D00045176C /* SearchUseCase.swift in Sources */ = {isa = PBXBuildFile; fileRef = A68621BE269627D00045176C /* SearchUseCase.swift */; };
		A68621C5269629D60045176C /* CityViewModel.swift in Sources */ = {isa = PBXBuildFile; fileRef = A68621C4269629D60045176C /* CityViewModel.swift */; };
		A6B4A8602699A07E00E0C29C /* SearchViewControllerTests.swift in Sources */ = {isa = PBXBuildFile; fileRef = A6B4A85F2699A07E00E0C29C /* SearchViewControllerTests.swift */; };
		A6B4A8972699A60E00E0C29C /* SearchWebServiceTests.swift in Sources */ = {isa = PBXBuildFile; fileRef = A6B4A8962699A60E00E0C29C /* SearchWebServiceTests.swift */; };
		A6B4A8A02699A6F200E0C29C /* MockURLProtocol.swift in Sources */ = {isa = PBXBuildFile; fileRef = A6B4A89F2699A6F200E0C29C /* MockURLProtocol.swift */; };
		A6B4A8AB2699AA6300E0C29C /* SearchFormModelValidator.swift in Sources */ = {isa = PBXBuildFile; fileRef = A6B4A8AA2699AA6300E0C29C /* SearchFormModelValidator.swift */; };
		A6B4A8BC2699AAF000E0C29C /* SearchFormModelValidatorTests.swift in Sources */ = {isa = PBXBuildFile; fileRef = A6B4A8BB2699AAF000E0C29C /* SearchFormModelValidatorTests.swift */; };
		A6B4A8D82699E10100E0C29C /* MockSearchModelValidator.swift in Sources */ = {isa = PBXBuildFile; fileRef = A6B4A8D72699E10100E0C29C /* MockSearchModelValidator.swift */; };
		A6B4A8E02699E19800E0C29C /* MockSearchWebService.swift in Sources */ = {isa = PBXBuildFile; fileRef = A6B4A8DF2699E19800E0C29C /* MockSearchWebService.swift */; };
		A6B4A8E52699E2C000E0C29C /* ResponseModel.swift in Sources */ = {isa = PBXBuildFile; fileRef = A6B4A8E42699E2C000E0C29C /* ResponseModel.swift */; };
		A6B4A8ED2699E50F00E0C29C /* SearchError.swift in Sources */ = {isa = PBXBuildFile; fileRef = A6B4A8EC2699E50F00E0C29C /* SearchError.swift */; };
		A6D164AC2696077F00BE83AB /* AppDelegate.swift in Sources */ = {isa = PBXBuildFile; fileRef = A6D164AB2696077F00BE83AB /* AppDelegate.swift */; };
		A6D164AE2696077F00BE83AB /* SceneDelegate.swift in Sources */ = {isa = PBXBuildFile; fileRef = A6D164AD2696077F00BE83AB /* SceneDelegate.swift */; };
		A6D164B32696077F00BE83AB /* Main.storyboard in Resources */ = {isa = PBXBuildFile; fileRef = A6D164B12696077F00BE83AB /* Main.storyboard */; };
		A6D164B52696078200BE83AB /* Assets.xcassets in Resources */ = {isa = PBXBuildFile; fileRef = A6D164B42696078200BE83AB /* Assets.xcassets */; };
		A6D164B82696078200BE83AB /* LaunchScreen.storyboard in Resources */ = {isa = PBXBuildFile; fileRef = A6D164B62696078200BE83AB /* LaunchScreen.storyboard */; };
		A6D164CE2696078200BE83AB /* OrcasTaskUITests.swift in Sources */ = {isa = PBXBuildFile; fileRef = A6D164CD2696078200BE83AB /* OrcasTaskUITests.swift */; };
		A6D1652A2696133300BE83AB /* SearchVC.swift in Sources */ = {isa = PBXBuildFile; fileRef = A6D165282696133300BE83AB /* SearchVC.swift */; };
		A6D4392326988CE200C9322F /* ResponseCode.swift in Sources */ = {isa = PBXBuildFile; fileRef = A6D4392226988CE200C9322F /* ResponseCode.swift */; };
		A6D439962698BC1D00C9322F /* NetworkFailScreen.swift in Sources */ = {isa = PBXBuildFile; fileRef = A6D439932698BC1D00C9322F /* NetworkFailScreen.swift */; };
		A6D439972698BC1D00C9322F /* NetworkFailScreen.xib in Resources */ = {isa = PBXBuildFile; fileRef = A6D439942698BC1D00C9322F /* NetworkFailScreen.xib */; };
		A6DD878126987C6B00C8CD43 /* StoredProperty.swift in Sources */ = {isa = PBXBuildFile; fileRef = A6DD878026987C6B00C8CD43 /* StoredProperty.swift */; };
		A6DD878C26987D1300C8CD43 /* UserDefault.swift in Sources */ = {isa = PBXBuildFile; fileRef = A6DD878B26987D1300C8CD43 /* UserDefault.swift */; };
		A6DD879126987FDD00C8CD43 /* CashManager.swift in Sources */ = {isa = PBXBuildFile; fileRef = A6DD879026987FDD00C8CD43 /* CashManager.swift */; };
		B22116D06482FABC9C6F96F1 /* Pods_OrcasTaskTests.framework in Frameworks */ = {isa = PBXBuildFile; fileRef = 4FCE24040EEE719D9D5A23C9 /* Pods_OrcasTaskTests.framework */; };
		D85FA9FA9F2AD70DF778065D /* Pods_OrcasTask.framework in Frameworks */ = {isa = PBXBuildFile; fileRef = A784DBE3AAEB9BC0D975001A /* Pods_OrcasTask.framework */; };
		EE3DA002D0BD45D9C272C5A3 /* Pods_OrcasTask_OrcasTaskUITests.framework in Frameworks */ = {isa = PBXBuildFile; fileRef = 1557883316CA877E4B1C0AEF /* Pods_OrcasTask_OrcasTaskUITests.framework */; };
/* End PBXBuildFile section */

/* Begin PBXContainerItemProxy section */
		A6D164BF2696078200BE83AB /* PBXContainerItemProxy */ = {
			isa = PBXContainerItemProxy;
			containerPortal = A6D164A02696077F00BE83AB /* Project object */;
			proxyType = 1;
			remoteGlobalIDString = A6D164A72696077F00BE83AB;
			remoteInfo = OrcasTask;
		};
		A6D164CA2696078200BE83AB /* PBXContainerItemProxy */ = {
			isa = PBXContainerItemProxy;
			containerPortal = A6D164A02696077F00BE83AB /* Project object */;
			proxyType = 1;
			remoteGlobalIDString = A6D164A72696077F00BE83AB;
			remoteInfo = OrcasTask;
		};
/* End PBXContainerItemProxy section */

/* Begin PBXFileReference section */
		1557883316CA877E4B1C0AEF /* Pods_OrcasTask_OrcasTaskUITests.framework */ = {isa = PBXFileReference; explicitFileType = wrapper.framework; includeInIndex = 0; path = Pods_OrcasTask_OrcasTaskUITests.framework; sourceTree = BUILT_PRODUCTS_DIR; };
		1AE590AC2EAD95E95DC6D5E5 /* Pods-OrcasTaskTests.release.xcconfig */ = {isa = PBXFileReference; includeInIndex = 1; lastKnownFileType = text.xcconfig; name = "Pods-OrcasTaskTests.release.xcconfig"; path = "Target Support Files/Pods-OrcasTaskTests/Pods-OrcasTaskTests.release.xcconfig"; sourceTree = "<group>"; };
		236523203A83F7FE2D0E02E6 /* Pods-OrcasTask.release.xcconfig */ = {isa = PBXFileReference; includeInIndex = 1; lastKnownFileType = text.xcconfig; name = "Pods-OrcasTask.release.xcconfig"; path = "Target Support Files/Pods-OrcasTask/Pods-OrcasTask.release.xcconfig"; sourceTree = "<group>"; };
		4FCE24040EEE719D9D5A23C9 /* Pods_OrcasTaskTests.framework */ = {isa = PBXFileReference; explicitFileType = wrapper.framework; includeInIndex = 0; path = Pods_OrcasTaskTests.framework; sourceTree = BUILT_PRODUCTS_DIR; };
		69882CA38C1C8B8BCB62F6BE /* Pods-OrcasTaskTests.debug.xcconfig */ = {isa = PBXFileReference; includeInIndex = 1; lastKnownFileType = text.xcconfig; name = "Pods-OrcasTaskTests.debug.xcconfig"; path = "Target Support Files/Pods-OrcasTaskTests/Pods-OrcasTaskTests.debug.xcconfig"; sourceTree = "<group>"; };
		A686213026961B080045176C /* BaseController.swift */ = {isa = PBXFileReference; lastKnownFileType = sourcecode.swift; path = BaseController.swift; sourceTree = "<group>"; };
		A686213926961CD40045176C /* UITableViewExtensions.swift */ = {isa = PBXFileReference; lastKnownFileType = sourcecode.swift; path = UITableViewExtensions.swift; sourceTree = "<group>"; };
		A686214126961E5C0045176C /* WeatherCell.swift */ = {isa = PBXFileReference; lastKnownFileType = sourcecode.swift; path = WeatherCell.swift; sourceTree = "<group>"; };
		A686214226961E5C0045176C /* WeatherCell.xib */ = {isa = PBXFileReference; lastKnownFileType = file.xib; path = WeatherCell.xib; sourceTree = "<group>"; };
		A6862162269620BC0045176C /* APIRouter.swift */ = {isa = PBXFileReference; fileEncoding = 4; lastKnownFileType = sourcecode.swift; path = APIRouter.swift; sourceTree = "<group>"; };
		A6862167269620C20045176C /* NetworkClient.swift */ = {isa = PBXFileReference; fileEncoding = 4; lastKnownFileType = sourcecode.swift; path = NetworkClient.swift; sourceTree = "<group>"; };
		A6862168269620C20045176C /* SearchRouter.swift */ = {isa = PBXFileReference; fileEncoding = 4; lastKnownFileType = sourcecode.swift; path = SearchRouter.swift; sourceTree = "<group>"; };
		A686216A269620C20045176C /* NetworkConstants.swift */ = {isa = PBXFileReference; fileEncoding = 4; lastKnownFileType = sourcecode.swift; path = NetworkConstants.swift; sourceTree = "<group>"; };
		A6862175269620F80045176C /* ResponseObject.swift */ = {isa = PBXFileReference; lastKnownFileType = sourcecode.swift; path = ResponseObject.swift; sourceTree = "<group>"; };
		A68621942696233A0045176C /* BaseViewModel.swift */ = {isa = PBXFileReference; lastKnownFileType = sourcecode.swift; path = BaseViewModel.swift; sourceTree = "<group>"; };
		A68621B3269625660045176C /* SearchViewModel.swift */ = {isa = PBXFileReference; lastKnownFileType = sourcecode.swift; path = SearchViewModel.swift; sourceTree = "<group>"; };
		A68621B9269626090045176C /* SearchRepository.swift */ = {isa = PBXFileReference; lastKnownFileType = sourcecode.swift; path = SearchRepository.swift; sourceTree = "<group>"; };
		A68621BE269627D00045176C /* SearchUseCase.swift */ = {isa = PBXFileReference; lastKnownFileType = sourcecode.swift; path = SearchUseCase.swift; sourceTree = "<group>"; };
		A68621C4269629D60045176C /* CityViewModel.swift */ = {isa = PBXFileReference; lastKnownFileType = sourcecode.swift; path = CityViewModel.swift; sourceTree = "<group>"; };
		A6B4A85F2699A07E00E0C29C /* SearchViewControllerTests.swift */ = {isa = PBXFileReference; lastKnownFileType = sourcecode.swift; path = SearchViewControllerTests.swift; sourceTree = "<group>"; };
		A6B4A8962699A60E00E0C29C /* SearchWebServiceTests.swift */ = {isa = PBXFileReference; lastKnownFileType = sourcecode.swift; path = SearchWebServiceTests.swift; sourceTree = "<group>"; };
		A6B4A89F2699A6F200E0C29C /* MockURLProtocol.swift */ = {isa = PBXFileReference; lastKnownFileType = sourcecode.swift; path = MockURLProtocol.swift; sourceTree = "<group>"; };
		A6B4A8AA2699AA6300E0C29C /* SearchFormModelValidator.swift */ = {isa = PBXFileReference; lastKnownFileType = sourcecode.swift; path = SearchFormModelValidator.swift; sourceTree = "<group>"; };
		A6B4A8BB2699AAF000E0C29C /* SearchFormModelValidatorTests.swift */ = {isa = PBXFileReference; lastKnownFileType = sourcecode.swift; path = SearchFormModelValidatorTests.swift; sourceTree = "<group>"; };
		A6B4A8D72699E10100E0C29C /* MockSearchModelValidator.swift */ = {isa = PBXFileReference; lastKnownFileType = sourcecode.swift; path = MockSearchModelValidator.swift; sourceTree = "<group>"; };
		A6B4A8DF2699E19800E0C29C /* MockSearchWebService.swift */ = {isa = PBXFileReference; lastKnownFileType = sourcecode.swift; path = MockSearchWebService.swift; sourceTree = "<group>"; };
		A6B4A8E42699E2C000E0C29C /* ResponseModel.swift */ = {isa = PBXFileReference; lastKnownFileType = sourcecode.swift; path = ResponseModel.swift; sourceTree = "<group>"; };
		A6B4A8EC2699E50F00E0C29C /* SearchError.swift */ = {isa = PBXFileReference; lastKnownFileType = sourcecode.swift; path = SearchError.swift; sourceTree = "<group>"; };
		A6D164A82696077F00BE83AB /* OrcasTask.app */ = {isa = PBXFileReference; explicitFileType = wrapper.application; includeInIndex = 0; path = OrcasTask.app; sourceTree = BUILT_PRODUCTS_DIR; };
		A6D164AB2696077F00BE83AB /* AppDelegate.swift */ = {isa = PBXFileReference; lastKnownFileType = sourcecode.swift; path = AppDelegate.swift; sourceTree = "<group>"; };
		A6D164AD2696077F00BE83AB /* SceneDelegate.swift */ = {isa = PBXFileReference; lastKnownFileType = sourcecode.swift; path = SceneDelegate.swift; sourceTree = "<group>"; };
		A6D164B22696077F00BE83AB /* Base */ = {isa = PBXFileReference; lastKnownFileType = file.storyboard; name = Base; path = Base.lproj/Main.storyboard; sourceTree = "<group>"; };
		A6D164B42696078200BE83AB /* Assets.xcassets */ = {isa = PBXFileReference; lastKnownFileType = folder.assetcatalog; path = Assets.xcassets; sourceTree = "<group>"; };
		A6D164B72696078200BE83AB /* Base */ = {isa = PBXFileReference; lastKnownFileType = file.storyboard; name = Base; path = Base.lproj/LaunchScreen.storyboard; sourceTree = "<group>"; };
		A6D164B92696078200BE83AB /* Info.plist */ = {isa = PBXFileReference; lastKnownFileType = text.plist.xml; path = Info.plist; sourceTree = "<group>"; };
		A6D164BE2696078200BE83AB /* OrcasTaskTests.xctest */ = {isa = PBXFileReference; explicitFileType = wrapper.cfbundle; includeInIndex = 0; path = OrcasTaskTests.xctest; sourceTree = BUILT_PRODUCTS_DIR; };
		A6D164C42696078200BE83AB /* Info.plist */ = {isa = PBXFileReference; lastKnownFileType = text.plist.xml; path = Info.plist; sourceTree = "<group>"; };
		A6D164C92696078200BE83AB /* OrcasTaskUITests.xctest */ = {isa = PBXFileReference; explicitFileType = wrapper.cfbundle; includeInIndex = 0; path = OrcasTaskUITests.xctest; sourceTree = BUILT_PRODUCTS_DIR; };
		A6D164CD2696078200BE83AB /* OrcasTaskUITests.swift */ = {isa = PBXFileReference; lastKnownFileType = sourcecode.swift; path = OrcasTaskUITests.swift; sourceTree = "<group>"; };
		A6D164CF2696078200BE83AB /* Info.plist */ = {isa = PBXFileReference; lastKnownFileType = text.plist.xml; path = Info.plist; sourceTree = "<group>"; };
		A6D165282696133300BE83AB /* SearchVC.swift */ = {isa = PBXFileReference; lastKnownFileType = sourcecode.swift; path = SearchVC.swift; sourceTree = "<group>"; };
		A6D4392226988CE200C9322F /* ResponseCode.swift */ = {isa = PBXFileReference; lastKnownFileType = sourcecode.swift; path = ResponseCode.swift; sourceTree = "<group>"; };
		A6D439932698BC1D00C9322F /* NetworkFailScreen.swift */ = {isa = PBXFileReference; fileEncoding = 4; lastKnownFileType = sourcecode.swift; path = NetworkFailScreen.swift; sourceTree = "<group>"; };
		A6D439942698BC1D00C9322F /* NetworkFailScreen.xib */ = {isa = PBXFileReference; fileEncoding = 4; lastKnownFileType = file.xib; path = NetworkFailScreen.xib; sourceTree = "<group>"; };
		A6DD878026987C6B00C8CD43 /* StoredProperty.swift */ = {isa = PBXFileReference; lastKnownFileType = sourcecode.swift; path = StoredProperty.swift; sourceTree = "<group>"; };
		A6DD878B26987D1300C8CD43 /* UserDefault.swift */ = {isa = PBXFileReference; lastKnownFileType = sourcecode.swift; path = UserDefault.swift; sourceTree = "<group>"; };
		A6DD879026987FDD00C8CD43 /* CashManager.swift */ = {isa = PBXFileReference; lastKnownFileType = sourcecode.swift; path = CashManager.swift; sourceTree = "<group>"; };
		A784DBE3AAEB9BC0D975001A /* Pods_OrcasTask.framework */ = {isa = PBXFileReference; explicitFileType = wrapper.framework; includeInIndex = 0; path = Pods_OrcasTask.framework; sourceTree = BUILT_PRODUCTS_DIR; };
		AED66CDCD7C5678DD3914EA2 /* Pods-OrcasTask-OrcasTaskUITests.debug.xcconfig */ = {isa = PBXFileReference; includeInIndex = 1; lastKnownFileType = text.xcconfig; name = "Pods-OrcasTask-OrcasTaskUITests.debug.xcconfig"; path = "Target Support Files/Pods-OrcasTask-OrcasTaskUITests/Pods-OrcasTask-OrcasTaskUITests.debug.xcconfig"; sourceTree = "<group>"; };
		CB1FF4D63F5E561C9E2030DD /* Pods-OrcasTask-OrcasTaskUITests.release.xcconfig */ = {isa = PBXFileReference; includeInIndex = 1; lastKnownFileType = text.xcconfig; name = "Pods-OrcasTask-OrcasTaskUITests.release.xcconfig"; path = "Target Support Files/Pods-OrcasTask-OrcasTaskUITests/Pods-OrcasTask-OrcasTaskUITests.release.xcconfig"; sourceTree = "<group>"; };
		E254E836908E69AF457D8AF5 /* Pods-OrcasTask.debug.xcconfig */ = {isa = PBXFileReference; includeInIndex = 1; lastKnownFileType = text.xcconfig; name = "Pods-OrcasTask.debug.xcconfig"; path = "Target Support Files/Pods-OrcasTask/Pods-OrcasTask.debug.xcconfig"; sourceTree = "<group>"; };
/* End PBXFileReference section */

/* Begin PBXFrameworksBuildPhase section */
		A6D164A52696077F00BE83AB /* Frameworks */ = {
			isa = PBXFrameworksBuildPhase;
			buildActionMask = 2147483647;
			files = (
				D85FA9FA9F2AD70DF778065D /* Pods_OrcasTask.framework in Frameworks */,
			);
			runOnlyForDeploymentPostprocessing = 0;
		};
		A6D164BB2696078200BE83AB /* Frameworks */ = {
			isa = PBXFrameworksBuildPhase;
			buildActionMask = 2147483647;
			files = (
				B22116D06482FABC9C6F96F1 /* Pods_OrcasTaskTests.framework in Frameworks */,
			);
			runOnlyForDeploymentPostprocessing = 0;
		};
		A6D164C62696078200BE83AB /* Frameworks */ = {
			isa = PBXFrameworksBuildPhase;
			buildActionMask = 2147483647;
			files = (
				EE3DA002D0BD45D9C272C5A3 /* Pods_OrcasTask_OrcasTaskUITests.framework in Frameworks */,
			);
			runOnlyForDeploymentPostprocessing = 0;
		};
/* End PBXFrameworksBuildPhase section */

/* Begin PBXGroup section */
		69E97BB60EE5B36D3E4CC174 /* Pods */ = {
			isa = PBXGroup;
			children = (
				E254E836908E69AF457D8AF5 /* Pods-OrcasTask.debug.xcconfig */,
				236523203A83F7FE2D0E02E6 /* Pods-OrcasTask.release.xcconfig */,
				AED66CDCD7C5678DD3914EA2 /* Pods-OrcasTask-OrcasTaskUITests.debug.xcconfig */,
				CB1FF4D63F5E561C9E2030DD /* Pods-OrcasTask-OrcasTaskUITests.release.xcconfig */,
				69882CA38C1C8B8BCB62F6BE /* Pods-OrcasTaskTests.debug.xcconfig */,
				1AE590AC2EAD95E95DC6D5E5 /* Pods-OrcasTaskTests.release.xcconfig */,
			);
			path = Pods;
			sourceTree = "<group>";
		};
		8033552827A4ABF8564E494D /* Frameworks */ = {
			isa = PBXGroup;
			children = (
				A784DBE3AAEB9BC0D975001A /* Pods_OrcasTask.framework */,
				1557883316CA877E4B1C0AEF /* Pods_OrcasTask_OrcasTaskUITests.framework */,
				4FCE24040EEE719D9D5A23C9 /* Pods_OrcasTaskTests.framework */,
			);
			name = Frameworks;
			sourceTree = "<group>";
		};
		A621148126964C49000B8E8A /* Controller */ = {
			isa = PBXGroup;
			children = (
				A686213026961B080045176C /* BaseController.swift */,
				A68621942696233A0045176C /* BaseViewModel.swift */,
			);
			path = Controller;
			sourceTree = "<group>";
		};
		A621148226964C74000B8E8A /* Model */ = {
			isa = PBXGroup;
			children = (
				A6862175269620F80045176C /* ResponseObject.swift */,
			);
			path = Model;
			sourceTree = "<group>";
		};
		A686212B269617820045176C /* Weather Cell */ = {
			isa = PBXGroup;
			children = (
				A686214226961E5C0045176C /* WeatherCell.xib */,
				A686214126961E5C0045176C /* WeatherCell.swift */,
			);
			path = "Weather Cell";
			sourceTree = "<group>";
		};
		A686212F26961AF90045176C /* Core */ = {
			isa = PBXGroup;
			children = (
				A621148126964C49000B8E8A /* Controller */,
				A621148226964C74000B8E8A /* Model */,
			);
			path = Core;
			sourceTree = "<group>";
		};
		A686213826961CBF0045176C /* Extensions */ = {
			isa = PBXGroup;
			children = (
				A686213926961CD40045176C /* UITableViewExtensions.swift */,
			);
			path = Extensions;
			sourceTree = "<group>";
		};
		A68621612696205D0045176C /* Protocols */ = {
			isa = PBXGroup;
			children = (
				A6862162269620BC0045176C /* APIRouter.swift */,
			);
			path = Protocols;
			sourceTree = "<group>";
		};
		A68621B8269625FE0045176C /* Domain */ = {
			isa = PBXGroup;
			children = (
				A68621B9269626090045176C /* SearchRepository.swift */,
				A68621BE269627D00045176C /* SearchUseCase.swift */,
			);
			path = Domain;
			sourceTree = "<group>";
		};
		A69869E22699A01C00AF812F /* Search */ = {
			isa = PBXGroup;
			children = (
				A6B4A85B2699A05400E0C29C /* Controllers */,
				A6B4A89E2699A6E600E0C29C /* Mocks */,
				A6B4A8952699A5F700E0C29C /* Network */,
				A6B4A8AF2699AAC500E0C29C /* Model */,
			);
			name = Search;
			sourceTree = "<group>";
		};
		A6B4A85B2699A05400E0C29C /* Controllers */ = {
			isa = PBXGroup;
			children = (
				A6B4A85F2699A07E00E0C29C /* SearchViewControllerTests.swift */,
			);
			name = Controllers;
			sourceTree = "<group>";
		};
		A6B4A8812699A41C00E0C29C /* Model */ = {
			isa = PBXGroup;
			children = (
				A6B4A8E42699E2C000E0C29C /* ResponseModel.swift */,
				A68621C4269629D60045176C /* CityViewModel.swift */,
				A6B4A8AA2699AA6300E0C29C /* SearchFormModelValidator.swift */,
				A6B4A8EC2699E50F00E0C29C /* SearchError.swift */,
			);
			path = Model;
			sourceTree = "<group>";
		};
		A6B4A8952699A5F700E0C29C /* Network */ = {
			isa = PBXGroup;
			children = (
				A6B4A8962699A60E00E0C29C /* SearchWebServiceTests.swift */,
			);
			name = Network;
			sourceTree = "<group>";
		};
		A6B4A89E2699A6E600E0C29C /* Mocks */ = {
			isa = PBXGroup;
			children = (
				A6B4A89F2699A6F200E0C29C /* MockURLProtocol.swift */,
				A6B4A8D72699E10100E0C29C /* MockSearchModelValidator.swift */,
				A6B4A8DF2699E19800E0C29C /* MockSearchWebService.swift */,
			);
			name = Mocks;
			sourceTree = "<group>";
		};
		A6B4A8AF2699AAC500E0C29C /* Model */ = {
			isa = PBXGroup;
			children = (
				A6B4A8BB2699AAF000E0C29C /* SearchFormModelValidatorTests.swift */,
			);
			name = Model;
			sourceTree = "<group>";
		};
		A6B4A8CD2699E05500E0C29C /* View */ = {
			isa = PBXGroup;
			children = (
				A686212B269617820045176C /* Weather Cell */,
				A6D165282696133300BE83AB /* SearchVC.swift */,
			);
			path = View;
			sourceTree = "<group>";
		};
		A6B4A8CE2699E05D00E0C29C /* ViewModel */ = {
			isa = PBXGroup;
			children = (
				A68621B3269625660045176C /* SearchViewModel.swift */,
			);
			path = ViewModel;
			sourceTree = "<group>";
		};
		A6D1649F2696077F00BE83AB = {
			isa = PBXGroup;
			children = (
				A6D164AA2696077F00BE83AB /* OrcasTask */,
				A6D164C12696078200BE83AB /* OrcasTaskTests */,
				A6D164CC2696078200BE83AB /* OrcasTaskUITests */,
				A6D164A92696077F00BE83AB /* Products */,
				69E97BB60EE5B36D3E4CC174 /* Pods */,
				8033552827A4ABF8564E494D /* Frameworks */,
			);
			sourceTree = "<group>";
		};
		A6D164A92696077F00BE83AB /* Products */ = {
			isa = PBXGroup;
			children = (
				A6D164A82696077F00BE83AB /* OrcasTask.app */,
				A6D164BE2696078200BE83AB /* OrcasTaskTests.xctest */,
				A6D164C92696078200BE83AB /* OrcasTaskUITests.xctest */,
			);
			name = Products;
			sourceTree = "<group>";
		};
		A6D164AA2696077F00BE83AB /* OrcasTask */ = {
			isa = PBXGroup;
			children = (
				A6DD877E26987C5000C8CD43 /* Utility */,
				A686213826961CBF0045176C /* Extensions */,
				A6D1651C269611A100BE83AB /* Application */,
				A6D164E12696085A00BE83AB /* Network */,
				A6D165222696120000BE83AB /* Modules */,
				A6D164B12696077F00BE83AB /* Main.storyboard */,
				A6D164B62696078200BE83AB /* LaunchScreen.storyboard */,
			);
			path = OrcasTask;
			sourceTree = "<group>";
		};
		A6D164C12696078200BE83AB /* OrcasTaskTests */ = {
			isa = PBXGroup;
			children = (
				A69869E22699A01C00AF812F /* Search */,
				A6D164C42696078200BE83AB /* Info.plist */,
			);
			path = OrcasTaskTests;
			sourceTree = "<group>";
		};
		A6D164CC2696078200BE83AB /* OrcasTaskUITests */ = {
			isa = PBXGroup;
			children = (
				A6D164CD2696078200BE83AB /* OrcasTaskUITests.swift */,
				A6D164CF2696078200BE83AB /* Info.plist */,
			);
			path = OrcasTaskUITests;
			sourceTree = "<group>";
		};
		A6D164E12696085A00BE83AB /* Network */ = {
			isa = PBXGroup;
			children = (
				A68621612696205D0045176C /* Protocols */,
				A686216A269620C20045176C /* NetworkConstants.swift */,
				A6862167269620C20045176C /* NetworkClient.swift */,
				A6D4392226988CE200C9322F /* ResponseCode.swift */,
				A6862168269620C20045176C /* SearchRouter.swift */,
			);
			path = Network;
			sourceTree = "<group>";
		};
		A6D1651C269611A100BE83AB /* Application */ = {
			isa = PBXGroup;
			children = (
				A6D439902698BC0400C9322F /* Themes */,
				A686212F26961AF90045176C /* Core */,
				A6D1651E269611CD00BE83AB /* SupportFiles */,
			);
			path = Application;
			sourceTree = "<group>";
		};
		A6D1651E269611CD00BE83AB /* SupportFiles */ = {
			isa = PBXGroup;
			children = (
				A6D164AD2696077F00BE83AB /* SceneDelegate.swift */,
				A6D164AB2696077F00BE83AB /* AppDelegate.swift */,
				A6D164B42696078200BE83AB /* Assets.xcassets */,
				A6D164B92696078200BE83AB /* Info.plist */,
			);
			path = SupportFiles;
			sourceTree = "<group>";
		};
		A6D165222696120000BE83AB /* Modules */ = {
			isa = PBXGroup;
			children = (
				A6D165232696120B00BE83AB /* Search */,
			);
			path = Modules;
			sourceTree = "<group>";
		};
		A6D165232696120B00BE83AB /* Search */ = {
			isa = PBXGroup;
			children = (
				A68621B8269625FE0045176C /* Domain */,
				A6B4A8812699A41C00E0C29C /* Model */,
				A6B4A8CD2699E05500E0C29C /* View */,
				A6B4A8CE2699E05D00E0C29C /* ViewModel */,
			);
			path = Search;
			sourceTree = "<group>";
		};
		A6D439902698BC0400C9322F /* Themes */ = {
			isa = PBXGroup;
			children = (
				A6D439912698BC0A00C9322F /* NetworkFail */,
			);
			path = Themes;
			sourceTree = "<group>";
		};
		A6D439912698BC0A00C9322F /* NetworkFail */ = {
			isa = PBXGroup;
			children = (
				A6D439932698BC1D00C9322F /* NetworkFailScreen.swift */,
				A6D439942698BC1D00C9322F /* NetworkFailScreen.xib */,
			);
			path = NetworkFail;
			sourceTree = "<group>";
		};
		A6DD877E26987C5000C8CD43 /* Utility */ = {
			isa = PBXGroup;
			children = (
				A6DD879026987FDD00C8CD43 /* CashManager.swift */,
				A6DD877F26987C6500C8CD43 /* UserDefault */,
			);
			path = Utility;
			sourceTree = "<group>";
		};
		A6DD877F26987C6500C8CD43 /* UserDefault */ = {
			isa = PBXGroup;
			children = (
				A6DD878026987C6B00C8CD43 /* StoredProperty.swift */,
				A6DD878B26987D1300C8CD43 /* UserDefault.swift */,
			);
			path = UserDefault;
			sourceTree = "<group>";
		};
/* End PBXGroup section */

/* Begin PBXNativeTarget section */
		A6D164A72696077F00BE83AB /* OrcasTask */ = {
			isa = PBXNativeTarget;
			buildConfigurationList = A6D164D22696078200BE83AB /* Build configuration list for PBXNativeTarget "OrcasTask" */;
			buildPhases = (
				BBA8AD5CC5B1679E55465ECB /* [CP] Check Pods Manifest.lock */,
				A6D164A42696077F00BE83AB /* Sources */,
				A6D164A52696077F00BE83AB /* Frameworks */,
				A6D164A62696077F00BE83AB /* Resources */,
				702889A25E171462B381CD2B /* [CP] Embed Pods Frameworks */,
			);
			buildRules = (
			);
			dependencies = (
			);
			name = OrcasTask;
			productName = OrcasTask;
			productReference = A6D164A82696077F00BE83AB /* OrcasTask.app */;
			productType = "com.apple.product-type.application";
		};
		A6D164BD2696078200BE83AB /* OrcasTaskTests */ = {
			isa = PBXNativeTarget;
			buildConfigurationList = A6D164D52696078200BE83AB /* Build configuration list for PBXNativeTarget "OrcasTaskTests" */;
			buildPhases = (
				735CD685951EAC9F1E7CB6CF /* [CP] Check Pods Manifest.lock */,
				A6D164BA2696078200BE83AB /* Sources */,
				A6D164BB2696078200BE83AB /* Frameworks */,
				A6D164BC2696078200BE83AB /* Resources */,
			);
			buildRules = (
			);
			dependencies = (
				A6D164C02696078200BE83AB /* PBXTargetDependency */,
			);
			name = OrcasTaskTests;
			productName = OrcasTaskTests;
			productReference = A6D164BE2696078200BE83AB /* OrcasTaskTests.xctest */;
			productType = "com.apple.product-type.bundle.unit-test";
		};
		A6D164C82696078200BE83AB /* OrcasTaskUITests */ = {
			isa = PBXNativeTarget;
			buildConfigurationList = A6D164D82696078200BE83AB /* Build configuration list for PBXNativeTarget "OrcasTaskUITests" */;
			buildPhases = (
				5C90DCB6AC351BFB80EACEEC /* [CP] Check Pods Manifest.lock */,
				A6D164C52696078200BE83AB /* Sources */,
				A6D164C62696078200BE83AB /* Frameworks */,
				A6D164C72696078200BE83AB /* Resources */,
				F185444D23B79AC7EED797AD /* [CP] Embed Pods Frameworks */,
			);
			buildRules = (
			);
			dependencies = (
				A6D164CB2696078200BE83AB /* PBXTargetDependency */,
			);
			name = OrcasTaskUITests;
			productName = OrcasTaskUITests;
			productReference = A6D164C92696078200BE83AB /* OrcasTaskUITests.xctest */;
			productType = "com.apple.product-type.bundle.ui-testing";
		};
/* End PBXNativeTarget section */

/* Begin PBXProject section */
		A6D164A02696077F00BE83AB /* Project object */ = {
			isa = PBXProject;
			attributes = {
				LastSwiftUpdateCheck = 1210;
				LastUpgradeCheck = 1210;
				TargetAttributes = {
					A6D164A72696077F00BE83AB = {
						CreatedOnToolsVersion = 12.1;
					};
					A6D164BD2696078200BE83AB = {
						CreatedOnToolsVersion = 12.1;
						LastSwiftMigration = 1210;
						TestTargetID = A6D164A72696077F00BE83AB;
					};
					A6D164C82696078200BE83AB = {
						CreatedOnToolsVersion = 12.1;
						TestTargetID = A6D164A72696077F00BE83AB;
					};
				};
			};
			buildConfigurationList = A6D164A32696077F00BE83AB /* Build configuration list for PBXProject "OrcasTask" */;
			compatibilityVersion = "Xcode 9.3";
			developmentRegion = en;
			hasScannedForEncodings = 0;
			knownRegions = (
				en,
				Base,
			);
			mainGroup = A6D1649F2696077F00BE83AB;
			productRefGroup = A6D164A92696077F00BE83AB /* Products */;
			projectDirPath = "";
			projectRoot = "";
			targets = (
				A6D164A72696077F00BE83AB /* OrcasTask */,
				A6D164BD2696078200BE83AB /* OrcasTaskTests */,
				A6D164C82696078200BE83AB /* OrcasTaskUITests */,
			);
		};
/* End PBXProject section */

/* Begin PBXResourcesBuildPhase section */
		A6D164A62696077F00BE83AB /* Resources */ = {
			isa = PBXResourcesBuildPhase;
			buildActionMask = 2147483647;
			files = (
				A686214426961E5C0045176C /* WeatherCell.xib in Resources */,
				A6D164B82696078200BE83AB /* LaunchScreen.storyboard in Resources */,
				A6D164B52696078200BE83AB /* Assets.xcassets in Resources */,
				A6D439972698BC1D00C9322F /* NetworkFailScreen.xib in Resources */,
				A6D164B32696077F00BE83AB /* Main.storyboard in Resources */,
			);
			runOnlyForDeploymentPostprocessing = 0;
		};
		A6D164BC2696078200BE83AB /* Resources */ = {
			isa = PBXResourcesBuildPhase;
			buildActionMask = 2147483647;
			files = (
			);
			runOnlyForDeploymentPostprocessing = 0;
		};
		A6D164C72696078200BE83AB /* Resources */ = {
			isa = PBXResourcesBuildPhase;
			buildActionMask = 2147483647;
			files = (
			);
			runOnlyForDeploymentPostprocessing = 0;
		};
/* End PBXResourcesBuildPhase section */

/* Begin PBXShellScriptBuildPhase section */
		5C90DCB6AC351BFB80EACEEC /* [CP] Check Pods Manifest.lock */ = {
			isa = PBXShellScriptBuildPhase;
			buildActionMask = 2147483647;
			files = (
			);
			inputFileListPaths = (
			);
			inputPaths = (
				"${PODS_PODFILE_DIR_PATH}/Podfile.lock",
				"${PODS_ROOT}/Manifest.lock",
			);
			name = "[CP] Check Pods Manifest.lock";
			outputFileListPaths = (
			);
			outputPaths = (
				"$(DERIVED_FILE_DIR)/Pods-OrcasTask-OrcasTaskUITests-checkManifestLockResult.txt",
			);
			runOnlyForDeploymentPostprocessing = 0;
			shellPath = /bin/sh;
			shellScript = "diff \"${PODS_PODFILE_DIR_PATH}/Podfile.lock\" \"${PODS_ROOT}/Manifest.lock\" > /dev/null\nif [ $? != 0 ] ; then\n    # print error to STDERR\n    echo \"error: The sandbox is not in sync with the Podfile.lock. Run 'pod install' or update your CocoaPods installation.\" >&2\n    exit 1\nfi\n# This output is used by Xcode 'outputs' to avoid re-running this script phase.\necho \"SUCCESS\" > \"${SCRIPT_OUTPUT_FILE_0}\"\n";
			showEnvVarsInLog = 0;
		};
		702889A25E171462B381CD2B /* [CP] Embed Pods Frameworks */ = {
			isa = PBXShellScriptBuildPhase;
			buildActionMask = 2147483647;
			files = (
			);
			inputFileListPaths = (
				"${PODS_ROOT}/Target Support Files/Pods-OrcasTask/Pods-OrcasTask-frameworks-${CONFIGURATION}-input-files.xcfilelist",
			);
			name = "[CP] Embed Pods Frameworks";
			outputFileListPaths = (
				"${PODS_ROOT}/Target Support Files/Pods-OrcasTask/Pods-OrcasTask-frameworks-${CONFIGURATION}-output-files.xcfilelist",
			);
			runOnlyForDeploymentPostprocessing = 0;
			shellPath = /bin/sh;
			shellScript = "\"${PODS_ROOT}/Target Support Files/Pods-OrcasTask/Pods-OrcasTask-frameworks.sh\"\n";
			showEnvVarsInLog = 0;
		};
		735CD685951EAC9F1E7CB6CF /* [CP] Check Pods Manifest.lock */ = {
			isa = PBXShellScriptBuildPhase;
			buildActionMask = 2147483647;
			files = (
			);
			inputFileListPaths = (
			);
			inputPaths = (
				"${PODS_PODFILE_DIR_PATH}/Podfile.lock",
				"${PODS_ROOT}/Manifest.lock",
			);
			name = "[CP] Check Pods Manifest.lock";
			outputFileListPaths = (
			);
			outputPaths = (
				"$(DERIVED_FILE_DIR)/Pods-OrcasTaskTests-checkManifestLockResult.txt",
			);
			runOnlyForDeploymentPostprocessing = 0;
			shellPath = /bin/sh;
			shellScript = "diff \"${PODS_PODFILE_DIR_PATH}/Podfile.lock\" \"${PODS_ROOT}/Manifest.lock\" > /dev/null\nif [ $? != 0 ] ; then\n    # print error to STDERR\n    echo \"error: The sandbox is not in sync with the Podfile.lock. Run 'pod install' or update your CocoaPods installation.\" >&2\n    exit 1\nfi\n# This output is used by Xcode 'outputs' to avoid re-running this script phase.\necho \"SUCCESS\" > \"${SCRIPT_OUTPUT_FILE_0}\"\n";
			showEnvVarsInLog = 0;
		};
		BBA8AD5CC5B1679E55465ECB /* [CP] Check Pods Manifest.lock */ = {
			isa = PBXShellScriptBuildPhase;
			buildActionMask = 2147483647;
			files = (
			);
			inputFileListPaths = (
			);
			inputPaths = (
				"${PODS_PODFILE_DIR_PATH}/Podfile.lock",
				"${PODS_ROOT}/Manifest.lock",
			);
			name = "[CP] Check Pods Manifest.lock";
			outputFileListPaths = (
			);
			outputPaths = (
				"$(DERIVED_FILE_DIR)/Pods-OrcasTask-checkManifestLockResult.txt",
			);
			runOnlyForDeploymentPostprocessing = 0;
			shellPath = /bin/sh;
			shellScript = "diff \"${PODS_PODFILE_DIR_PATH}/Podfile.lock\" \"${PODS_ROOT}/Manifest.lock\" > /dev/null\nif [ $? != 0 ] ; then\n    # print error to STDERR\n    echo \"error: The sandbox is not in sync with the Podfile.lock. Run 'pod install' or update your CocoaPods installation.\" >&2\n    exit 1\nfi\n# This output is used by Xcode 'outputs' to avoid re-running this script phase.\necho \"SUCCESS\" > \"${SCRIPT_OUTPUT_FILE_0}\"\n";
			showEnvVarsInLog = 0;
		};
		F185444D23B79AC7EED797AD /* [CP] Embed Pods Frameworks */ = {
			isa = PBXShellScriptBuildPhase;
			buildActionMask = 2147483647;
			files = (
			);
			inputFileListPaths = (
				"${PODS_ROOT}/Target Support Files/Pods-OrcasTask-OrcasTaskUITests/Pods-OrcasTask-OrcasTaskUITests-frameworks-${CONFIGURATION}-input-files.xcfilelist",
			);
			name = "[CP] Embed Pods Frameworks";
			outputFileListPaths = (
				"${PODS_ROOT}/Target Support Files/Pods-OrcasTask-OrcasTaskUITests/Pods-OrcasTask-OrcasTaskUITests-frameworks-${CONFIGURATION}-output-files.xcfilelist",
			);
			runOnlyForDeploymentPostprocessing = 0;
			shellPath = /bin/sh;
			shellScript = "\"${PODS_ROOT}/Target Support Files/Pods-OrcasTask-OrcasTaskUITests/Pods-OrcasTask-OrcasTaskUITests-frameworks.sh\"\n";
			showEnvVarsInLog = 0;
		};
/* End PBXShellScriptBuildPhase section */

/* Begin PBXSourcesBuildPhase section */
		A6D164A42696077F00BE83AB /* Sources */ = {
			isa = PBXSourcesBuildPhase;
			buildActionMask = 2147483647;
			files = (
				A6DD879126987FDD00C8CD43 /* CashManager.swift in Sources */,
				A6862163269620BC0045176C /* APIRouter.swift in Sources */,
				A6D1652A2696133300BE83AB /* SearchVC.swift in Sources */,
				A686216F269620C20045176C /* NetworkConstants.swift in Sources */,
				A6D439962698BC1D00C9322F /* NetworkFailScreen.swift in Sources */,
				A68621C5269629D60045176C /* CityViewModel.swift in Sources */,
				A686213A26961CD40045176C /* UITableViewExtensions.swift in Sources */,
				A686214326961E5C0045176C /* WeatherCell.swift in Sources */,
				A6D4392326988CE200C9322F /* ResponseCode.swift in Sources */,
				A68621BF269627D00045176C /* SearchUseCase.swift in Sources */,
				A68621B4269625660045176C /* SearchViewModel.swift in Sources */,
				A68621952696233A0045176C /* BaseViewModel.swift in Sources */,
				A6D164AC2696077F00BE83AB /* AppDelegate.swift in Sources */,
				A686213126961B080045176C /* BaseController.swift in Sources */,
				A6B4A8E52699E2C000E0C29C /* ResponseModel.swift in Sources */,
				A6862176269620F80045176C /* ResponseObject.swift in Sources */,
				A6DD878126987C6B00C8CD43 /* StoredProperty.swift in Sources */,
				A6B4A8AB2699AA6300E0C29C /* SearchFormModelValidator.swift in Sources */,
				A6D164AE2696077F00BE83AB /* SceneDelegate.swift in Sources */,
				A6DD878C26987D1300C8CD43 /* UserDefault.swift in Sources */,
				A6B4A8ED2699E50F00E0C29C /* SearchError.swift in Sources */,
				A68621BA269626090045176C /* SearchRepository.swift in Sources */,
				A686216C269620C20045176C /* NetworkClient.swift in Sources */,
				A686216D269620C20045176C /* SearchRouter.swift in Sources */,
			);
			runOnlyForDeploymentPostprocessing = 0;
		};
		A6D164BA2696078200BE83AB /* Sources */ = {
			isa = PBXSourcesBuildPhase;
			buildActionMask = 2147483647;
			files = (
				A6B4A8A02699A6F200E0C29C /* MockURLProtocol.swift in Sources */,
				A6B4A8D82699E10100E0C29C /* MockSearchModelValidator.swift in Sources */,
				A6B4A8E02699E19800E0C29C /* MockSearchWebService.swift in Sources */,
				A6B4A8972699A60E00E0C29C /* SearchWebServiceTests.swift in Sources */,
				A6B4A8BC2699AAF000E0C29C /* SearchFormModelValidatorTests.swift in Sources */,
				A6B4A8602699A07E00E0C29C /* SearchViewControllerTests.swift in Sources */,
			);
			runOnlyForDeploymentPostprocessing = 0;
		};
		A6D164C52696078200BE83AB /* Sources */ = {
			isa = PBXSourcesBuildPhase;
			buildActionMask = 2147483647;
			files = (
				A6D164CE2696078200BE83AB /* OrcasTaskUITests.swift in Sources */,
			);
			runOnlyForDeploymentPostprocessing = 0;
		};
/* End PBXSourcesBuildPhase section */

/* Begin PBXTargetDependency section */
		A6D164C02696078200BE83AB /* PBXTargetDependency */ = {
			isa = PBXTargetDependency;
			target = A6D164A72696077F00BE83AB /* OrcasTask */;
			targetProxy = A6D164BF2696078200BE83AB /* PBXContainerItemProxy */;
		};
		A6D164CB2696078200BE83AB /* PBXTargetDependency */ = {
			isa = PBXTargetDependency;
			target = A6D164A72696077F00BE83AB /* OrcasTask */;
			targetProxy = A6D164CA2696078200BE83AB /* PBXContainerItemProxy */;
		};
/* End PBXTargetDependency section */

/* Begin PBXVariantGroup section */
		A6D164B12696077F00BE83AB /* Main.storyboard */ = {
			isa = PBXVariantGroup;
			children = (
				A6D164B22696077F00BE83AB /* Base */,
			);
			name = Main.storyboard;
			sourceTree = "<group>";
		};
		A6D164B62696078200BE83AB /* LaunchScreen.storyboard */ = {
			isa = PBXVariantGroup;
			children = (
				A6D164B72696078200BE83AB /* Base */,
			);
			name = LaunchScreen.storyboard;
			sourceTree = "<group>";
		};
/* End PBXVariantGroup section */

/* Begin XCBuildConfiguration section */
		A6D164D02696078200BE83AB /* Debug */ = {
			isa = XCBuildConfiguration;
			buildSettings = {
				ALWAYS_SEARCH_USER_PATHS = NO;
				CLANG_ANALYZER_NONNULL = YES;
				CLANG_ANALYZER_NUMBER_OBJECT_CONVERSION = YES_AGGRESSIVE;
				CLANG_CXX_LANGUAGE_STANDARD = "gnu++14";
				CLANG_CXX_LIBRARY = "libc++";
				CLANG_ENABLE_MODULES = YES;
				CLANG_ENABLE_OBJC_ARC = YES;
				CLANG_ENABLE_OBJC_WEAK = YES;
				CLANG_WARN_BLOCK_CAPTURE_AUTORELEASING = YES;
				CLANG_WARN_BOOL_CONVERSION = YES;
				CLANG_WARN_COMMA = YES;
				CLANG_WARN_CONSTANT_CONVERSION = YES;
				CLANG_WARN_DEPRECATED_OBJC_IMPLEMENTATIONS = YES;
				CLANG_WARN_DIRECT_OBJC_ISA_USAGE = YES_ERROR;
				CLANG_WARN_DOCUMENTATION_COMMENTS = YES;
				CLANG_WARN_EMPTY_BODY = YES;
				CLANG_WARN_ENUM_CONVERSION = YES;
				CLANG_WARN_INFINITE_RECURSION = YES;
				CLANG_WARN_INT_CONVERSION = YES;
				CLANG_WARN_NON_LITERAL_NULL_CONVERSION = YES;
				CLANG_WARN_OBJC_IMPLICIT_RETAIN_SELF = YES;
				CLANG_WARN_OBJC_LITERAL_CONVERSION = YES;
				CLANG_WARN_OBJC_ROOT_CLASS = YES_ERROR;
				CLANG_WARN_QUOTED_INCLUDE_IN_FRAMEWORK_HEADER = YES;
				CLANG_WARN_RANGE_LOOP_ANALYSIS = YES;
				CLANG_WARN_STRICT_PROTOTYPES = YES;
				CLANG_WARN_SUSPICIOUS_MOVE = YES;
				CLANG_WARN_UNGUARDED_AVAILABILITY = YES_AGGRESSIVE;
				CLANG_WARN_UNREACHABLE_CODE = YES;
				CLANG_WARN__DUPLICATE_METHOD_MATCH = YES;
				COPY_PHASE_STRIP = NO;
				DEBUG_INFORMATION_FORMAT = dwarf;
				ENABLE_STRICT_OBJC_MSGSEND = YES;
				ENABLE_TESTABILITY = YES;
				GCC_C_LANGUAGE_STANDARD = gnu11;
				GCC_DYNAMIC_NO_PIC = NO;
				GCC_NO_COMMON_BLOCKS = YES;
				GCC_OPTIMIZATION_LEVEL = 0;
				GCC_PREPROCESSOR_DEFINITIONS = (
					"DEBUG=1",
					"$(inherited)",
				);
				GCC_WARN_64_TO_32_BIT_CONVERSION = YES;
				GCC_WARN_ABOUT_RETURN_TYPE = YES_ERROR;
				GCC_WARN_UNDECLARED_SELECTOR = YES;
				GCC_WARN_UNINITIALIZED_AUTOS = YES_AGGRESSIVE;
				GCC_WARN_UNUSED_FUNCTION = YES;
				GCC_WARN_UNUSED_VARIABLE = YES;
				IPHONEOS_DEPLOYMENT_TARGET = 14.1;
				MTL_ENABLE_DEBUG_INFO = INCLUDE_SOURCE;
				MTL_FAST_MATH = YES;
				ONLY_ACTIVE_ARCH = YES;
				SDKROOT = iphoneos;
				SWIFT_ACTIVE_COMPILATION_CONDITIONS = DEBUG;
				SWIFT_OPTIMIZATION_LEVEL = "-Onone";
			};
			name = Debug;
		};
		A6D164D12696078200BE83AB /* Release */ = {
			isa = XCBuildConfiguration;
			buildSettings = {
				ALWAYS_SEARCH_USER_PATHS = NO;
				CLANG_ANALYZER_NONNULL = YES;
				CLANG_ANALYZER_NUMBER_OBJECT_CONVERSION = YES_AGGRESSIVE;
				CLANG_CXX_LANGUAGE_STANDARD = "gnu++14";
				CLANG_CXX_LIBRARY = "libc++";
				CLANG_ENABLE_MODULES = YES;
				CLANG_ENABLE_OBJC_ARC = YES;
				CLANG_ENABLE_OBJC_WEAK = YES;
				CLANG_WARN_BLOCK_CAPTURE_AUTORELEASING = YES;
				CLANG_WARN_BOOL_CONVERSION = YES;
				CLANG_WARN_COMMA = YES;
				CLANG_WARN_CONSTANT_CONVERSION = YES;
				CLANG_WARN_DEPRECATED_OBJC_IMPLEMENTATIONS = YES;
				CLANG_WARN_DIRECT_OBJC_ISA_USAGE = YES_ERROR;
				CLANG_WARN_DOCUMENTATION_COMMENTS = YES;
				CLANG_WARN_EMPTY_BODY = YES;
				CLANG_WARN_ENUM_CONVERSION = YES;
				CLANG_WARN_INFINITE_RECURSION = YES;
				CLANG_WARN_INT_CONVERSION = YES;
				CLANG_WARN_NON_LITERAL_NULL_CONVERSION = YES;
				CLANG_WARN_OBJC_IMPLICIT_RETAIN_SELF = YES;
				CLANG_WARN_OBJC_LITERAL_CONVERSION = YES;
				CLANG_WARN_OBJC_ROOT_CLASS = YES_ERROR;
				CLANG_WARN_QUOTED_INCLUDE_IN_FRAMEWORK_HEADER = YES;
				CLANG_WARN_RANGE_LOOP_ANALYSIS = YES;
				CLANG_WARN_STRICT_PROTOTYPES = YES;
				CLANG_WARN_SUSPICIOUS_MOVE = YES;
				CLANG_WARN_UNGUARDED_AVAILABILITY = YES_AGGRESSIVE;
				CLANG_WARN_UNREACHABLE_CODE = YES;
				CLANG_WARN__DUPLICATE_METHOD_MATCH = YES;
				COPY_PHASE_STRIP = NO;
				DEBUG_INFORMATION_FORMAT = "dwarf-with-dsym";
				ENABLE_NS_ASSERTIONS = NO;
				ENABLE_STRICT_OBJC_MSGSEND = YES;
				GCC_C_LANGUAGE_STANDARD = gnu11;
				GCC_NO_COMMON_BLOCKS = YES;
				GCC_WARN_64_TO_32_BIT_CONVERSION = YES;
				GCC_WARN_ABOUT_RETURN_TYPE = YES_ERROR;
				GCC_WARN_UNDECLARED_SELECTOR = YES;
				GCC_WARN_UNINITIALIZED_AUTOS = YES_AGGRESSIVE;
				GCC_WARN_UNUSED_FUNCTION = YES;
				GCC_WARN_UNUSED_VARIABLE = YES;
				IPHONEOS_DEPLOYMENT_TARGET = 14.1;
				MTL_ENABLE_DEBUG_INFO = NO;
				MTL_FAST_MATH = YES;
				SDKROOT = iphoneos;
				SWIFT_COMPILATION_MODE = wholemodule;
				SWIFT_OPTIMIZATION_LEVEL = "-O";
				VALIDATE_PRODUCT = YES;
			};
			name = Release;
		};
		A6D164D32696078200BE83AB /* Debug */ = {
			isa = XCBuildConfiguration;
			baseConfigurationReference = E254E836908E69AF457D8AF5 /* Pods-OrcasTask.debug.xcconfig */;
			buildSettings = {
				ASSETCATALOG_COMPILER_APPICON_NAME = AppIcon;
				ASSETCATALOG_COMPILER_GLOBAL_ACCENT_COLOR_NAME = AccentColor;
				CODE_SIGN_STYLE = Automatic;
				DEVELOPMENT_TEAM = U4A23ZSF86;
				INFOPLIST_FILE = "$(SRCROOT)/OrcasTask/Application/SupportFiles/Info.plist";
				LD_RUNPATH_SEARCH_PATHS = (
					"$(inherited)",
					"@executable_path/Frameworks",
				);
				PRODUCT_BUNDLE_IDENTIFIER = com.Company.OrcasTask;
				PRODUCT_NAME = "$(TARGET_NAME)";
				SWIFT_VERSION = 5.0;
				TARGETED_DEVICE_FAMILY = "1,2";
			};
			name = Debug;
		};
		A6D164D42696078200BE83AB /* Release */ = {
			isa = XCBuildConfiguration;
			baseConfigurationReference = 236523203A83F7FE2D0E02E6 /* Pods-OrcasTask.release.xcconfig */;
			buildSettings = {
				ASSETCATALOG_COMPILER_APPICON_NAME = AppIcon;
				ASSETCATALOG_COMPILER_GLOBAL_ACCENT_COLOR_NAME = AccentColor;
				CODE_SIGN_STYLE = Automatic;
				DEVELOPMENT_TEAM = U4A23ZSF86;
				INFOPLIST_FILE = "$(SRCROOT)/OrcasTask/Application/SupportFiles/Info.plist";
				LD_RUNPATH_SEARCH_PATHS = (
					"$(inherited)",
					"@executable_path/Frameworks",
				);
				PRODUCT_BUNDLE_IDENTIFIER = com.Company.OrcasTask;
				PRODUCT_NAME = "$(TARGET_NAME)";
				SWIFT_VERSION = 5.0;
				TARGETED_DEVICE_FAMILY = "1,2";
			};
			name = Release;
		};
		A6D164D62696078200BE83AB /* Debug */ = {
			isa = XCBuildConfiguration;
			baseConfigurationReference = 69882CA38C1C8B8BCB62F6BE /* Pods-OrcasTaskTests.debug.xcconfig */;
			buildSettings = {
				ALWAYS_EMBED_SWIFT_STANDARD_LIBRARIES = YES;
				BUNDLE_LOADER = "$(TEST_HOST)";
				CLANG_ENABLE_MODULES = YES;
				CODE_SIGN_STYLE = Automatic;
				DEVELOPMENT_TEAM = U4A23ZSF86;
				INFOPLIST_FILE = OrcasTaskTests/Info.plist;
				IPHONEOS_DEPLOYMENT_TARGET = 14.1;
				LD_RUNPATH_SEARCH_PATHS = (
					"$(inherited)",
					"@executable_path/Frameworks",
					"@loader_path/Frameworks",
				);
				PRODUCT_BUNDLE_IDENTIFIER = com.Rowaad.OrcasTaskTests;
				PRODUCT_NAME = "$(TARGET_NAME)";
				SWIFT_OPTIMIZATION_LEVEL = "-Onone";
				SWIFT_VERSION = 5.0;
				TARGETED_DEVICE_FAMILY = "1,2";
				TEST_HOST = "$(BUILT_PRODUCTS_DIR)/OrcasTask.app/OrcasTask";
			};
			name = Debug;
		};
		A6D164D72696078200BE83AB /* Release */ = {
			isa = XCBuildConfiguration;
			baseConfigurationReference = 1AE590AC2EAD95E95DC6D5E5 /* Pods-OrcasTaskTests.release.xcconfig */;
			buildSettings = {
				ALWAYS_EMBED_SWIFT_STANDARD_LIBRARIES = YES;
				BUNDLE_LOADER = "$(TEST_HOST)";
				CLANG_ENABLE_MODULES = YES;
				CODE_SIGN_STYLE = Automatic;
				DEVELOPMENT_TEAM = U4A23ZSF86;
				INFOPLIST_FILE = OrcasTaskTests/Info.plist;
				IPHONEOS_DEPLOYMENT_TARGET = 14.1;
				LD_RUNPATH_SEARCH_PATHS = (
					"$(inherited)",
					"@executable_path/Frameworks",
					"@loader_path/Frameworks",
				);
				PRODUCT_BUNDLE_IDENTIFIER = com.Rowaad.OrcasTaskTests;
				PRODUCT_NAME = "$(TARGET_NAME)";
				SWIFT_VERSION = 5.0;
				TARGETED_DEVICE_FAMILY = "1,2";
				TEST_HOST = "$(BUILT_PRODUCTS_DIR)/OrcasTask.app/OrcasTask";
			};
			name = Release;
		};
		A6D164D92696078200BE83AB /* Debug */ = {
			isa = XCBuildConfiguration;
			baseConfigurationReference = AED66CDCD7C5678DD3914EA2 /* Pods-OrcasTask-OrcasTaskUITests.debug.xcconfig */;
			buildSettings = {
				ALWAYS_EMBED_SWIFT_STANDARD_LIBRARIES = YES;
				CODE_SIGN_STYLE = Automatic;
				DEVELOPMENT_TEAM = U4A23ZSF86;
				INFOPLIST_FILE = OrcasTaskUITests/Info.plist;
				LD_RUNPATH_SEARCH_PATHS = (
					"$(inherited)",
					"@executable_path/Frameworks",
					"@loader_path/Frameworks",
				);
				PRODUCT_BUNDLE_IDENTIFIER = com.Rowaad.OrcasTaskUITests;
				PRODUCT_NAME = "$(TARGET_NAME)";
				SWIFT_VERSION = 5.0;
				TARGETED_DEVICE_FAMILY = "1,2";
				TEST_TARGET_NAME = OrcasTask;
			};
			name = Debug;
		};
		A6D164DA2696078200BE83AB /* Release */ = {
			isa = XCBuildConfiguration;
			baseConfigurationReference = CB1FF4D63F5E561C9E2030DD /* Pods-OrcasTask-OrcasTaskUITests.release.xcconfig */;
			buildSettings = {
				ALWAYS_EMBED_SWIFT_STANDARD_LIBRARIES = YES;
				CODE_SIGN_STYLE = Automatic;
				DEVELOPMENT_TEAM = U4A23ZSF86;
				INFOPLIST_FILE = OrcasTaskUITests/Info.plist;
				LD_RUNPATH_SEARCH_PATHS = (
					"$(inherited)",
					"@executable_path/Frameworks",
					"@loader_path/Frameworks",
				);
				PRODUCT_BUNDLE_IDENTIFIER = com.Rowaad.OrcasTaskUITests;
				PRODUCT_NAME = "$(TARGET_NAME)";
				SWIFT_VERSION = 5.0;
				TARGETED_DEVICE_FAMILY = "1,2";
				TEST_TARGET_NAME = OrcasTask;
			};
			name = Release;
		};
/* End XCBuildConfiguration section */

/* Begin XCConfigurationList section */
		A6D164A32696077F00BE83AB /* Build configuration list for PBXProject "OrcasTask" */ = {
			isa = XCConfigurationList;
			buildConfigurations = (
				A6D164D02696078200BE83AB /* Debug */,
				A6D164D12696078200BE83AB /* Release */,
			);
			defaultConfigurationIsVisible = 0;
			defaultConfigurationName = Release;
		};
		A6D164D22696078200BE83AB /* Build configuration list for PBXNativeTarget "OrcasTask" */ = {
			isa = XCConfigurationList;
			buildConfigurations = (
				A6D164D32696078200BE83AB /* Debug */,
				A6D164D42696078200BE83AB /* Release */,
			);
			defaultConfigurationIsVisible = 0;
			defaultConfigurationName = Release;
		};
		A6D164D52696078200BE83AB /* Build configuration list for PBXNativeTarget "OrcasTaskTests" */ = {
			isa = XCConfigurationList;
			buildConfigurations = (
				A6D164D62696078200BE83AB /* Debug */,
				A6D164D72696078200BE83AB /* Release */,
			);
			defaultConfigurationIsVisible = 0;
			defaultConfigurationName = Release;
		};
		A6D164D82696078200BE83AB /* Build configuration list for PBXNativeTarget "OrcasTaskUITests" */ = {
			isa = XCConfigurationList;
			buildConfigurations = (
				A6D164D92696078200BE83AB /* Debug */,
				A6D164DA2696078200BE83AB /* Release */,
			);
			defaultConfigurationIsVisible = 0;
			defaultConfigurationName = Release;
		};
/* End XCConfigurationList section */
	};
	rootObject = A6D164A02696077F00BE83AB /* Project object */;
}
